
Microsoft Visual Studio Solution File, Format Version 12.00
# Visual Studio Version 16
VisualStudioVersion = 16.0.28917.181
MinimumVisualStudioVersion = 10.0.40219.1
Project("{FAE04EC0-301F-11D3-BF4B-00C04F79EFBC}") = "ClassLibrary2", "ClassLibrary2\ClassLibrary2.csproj", "{A883B1C1-C303-4395-9974-4D006B33E4B1}"
EndProject
Project("{FAE04EC0-301F-11D3-BF4B-00C04F79EFBC}") = "UnitTestProject1", "UnitTestProject1\UnitTestProject1.csproj", "{8565F155-7F9C-47D8-A52C-E2CFAF1D1C97}"
EndProject
Global
	GlobalSection(SolutionConfigurationPlatforms) = preSolution
		Debug|Any CPU = Debug|Any CPU
		Release|Any CPU = Release|Any CPU
	EndGlobalSection
	GlobalSection(ProjectConfigurationPlatforms) = postSolution
		{A883B1C1-C303-4395-9974-4D006B33E4B1}.Debug|Any CPU.ActiveCfg = Debug|Any CPU
		{A883B1C1-C303-4395-9974-4D006B33E4B1}.Debug|Any CPU.Build.0 = Debug|Any CPU
		{A883B1C1-C303-4395-9974-4D006B33E4B1}.Release|Any CPU.ActiveCfg = Release|Any CPU
		{A883B1C1-C303-4395-9974-4D006B33E4B1}.Release|Any CPU.Build.0 = Release|Any CPU
		{8565F155-7F9C-47D8-A52C-E2CFAF1D1C97}.Debug|Any CPU.ActiveCfg = Debug|Any CPU
		{8565F155-7F9C-47D8-A52C-E2CFAF1D1C97}.Debug|Any CPU.Build.0 = Debug|Any CPU
		{8565F155-7F9C-47D8-A52C-E2CFAF1D1C97}.Release|Any CPU.ActiveCfg = Release|Any CPU
		{8565F155-7F9C-47D8-A52C-E2CFAF1D1C97}.Release|Any CPU.Build.0 = Release|Any CPU
	EndGlobalSection
	GlobalSection(SolutionProperties) = preSolution
		HideSolutionNode = FALSE
	EndGlobalSection
	GlobalSection(ExtensibilityGlobals) = postSolution
		SolutionGuid = {519618DA-EEEA-4101-A65B-F89CC1B9E138}
	EndGlobalSection
EndGlobal
